
Microsoft Visual Studio Solution File, Format Version 12.00
# Visual Studio Version 16
VisualStudioVersion = 16.0.30907.101
MinimumVisualStudioVersion = 10.0.40219.1
Project("{FAE04EC0-301F-11D3-BF4B-00C04F79EFBC}") = "ConsoleApp1", "ConsoleApp1\ConsoleApp1.csproj", "{3186FCCE-A64B-4446-9E97-3B4BDA642B3E}"
EndProject
Global
	GlobalSection(SolutionConfigurationPlatforms) = preSolution
		Debug|Any CPU = Debug|Any CPU
		Release|Any CPU = Release|Any CPU
	EndGlobalSection
	GlobalSection(ProjectConfigurationPlatforms) = postSolution
		{3186FCCE-A64B-4446-9E97-3B4BDA642B3E}.Debug|Any CPU.ActiveCfg = Debug|Any CPU
		{3186FCCE-A64B-4446-9E97-3B4BDA642B3E}.Debug|Any CPU.Build.0 = Debug|Any CPU
		{3186FCCE-A64B-4446-9E97-3B4BDA642B3E}.Release|Any CPU.ActiveCfg = Release|Any CPU
		{3186FCCE-A64B-4446-9E97-3B4BDA642B3E}.Release|Any CPU.Build.0 = Release|Any CPU
	EndGlobalSection
	GlobalSection(SolutionProperties) = preSolution
		HideSolutionNode = FALSE
	EndGlobalSection
	GlobalSection(ExtensibilityGlobals) = postSolution
		SolutionGuid = {7C74E5BE-A2A2-4C7A-952D-DBEA43810478}
	EndGlobalSection
EndGlobal
